
Microsoft Visual Studio Solution File, Format Version 12.00
# Visual Studio Version 17
VisualStudioVersion = 17.3.32825.248
MinimumVisualStudioVersion = 10.0.40219.1
Project("{9A19103F-16F7-4668-BE54-9A1E7A4F7556}") = "AceScriptRuntime", "AceScriptRuntime.csproj", "{EAAF2816-917A-4824-8436-94460C9A2D4A}"
EndProject
Global
	GlobalSection(SolutionConfigurationPlatforms) = preSolution
		Debug|Any CPU = Debug|Any CPU
		Release|Any CPU = Release|Any CPU
	EndGlobalSection
	GlobalSection(ProjectConfigurationPlatforms) = postSolution
		{EAAF2816-917A-4824-8436-94460C9A2D4A}.Debug|Any CPU.ActiveCfg = Debug|Any CPU
		{EAAF2816-917A-4824-8436-94460C9A2D4A}.Debug|Any CPU.Build.0 = Debug|Any CPU
		{EAAF2816-917A-4824-8436-94460C9A2D4A}.Release|Any CPU.ActiveCfg = Release|Any CPU
		{EAAF2816-917A-4824-8436-94460C9A2D4A}.Release|Any CPU.Build.0 = Release|Any CPU
	EndGlobalSection
	GlobalSection(SolutionProperties) = preSolution
		HideSolutionNode = FALSE
	EndGlobalSection
	GlobalSection(ExtensibilityGlobals) = postSolution
		SolutionGuid = {D9DA2A50-BAA8-485F-9869-80B2F6A29239}
	EndGlobalSection
EndGlobal
